
Microsoft Visual Studio Solution File, Format Version 12.00
# Visual Studio Version 16
VisualStudioVersion = 16.0.32602.291
MinimumVisualStudioVersion = 10.0.40219.1
Project("{FAE04EC0-301F-11D3-BF4B-00C04F79EFBC}") = "ExternalTest", "ExternalTest\ExternalTest.csproj", "{60CFD845-12DA-4114-A64B-01F2E2732CD8}"
EndProject
Global
	GlobalSection(SolutionConfigurationPlatforms) = preSolution
		Debug|Any CPU = Debug|Any CPU
		Release|Any CPU = Release|Any CPU
	EndGlobalSection
	GlobalSection(ProjectConfigurationPlatforms) = postSolution
		{60CFD845-12DA-4114-A64B-01F2E2732CD8}.Debug|Any CPU.ActiveCfg = Debug|Any CPU
		{60CFD845-12DA-4114-A64B-01F2E2732CD8}.Debug|Any CPU.Build.0 = Debug|Any CPU
		{60CFD845-12DA-4114-A64B-01F2E2732CD8}.Release|Any CPU.ActiveCfg = Release|Any CPU
		{60CFD845-12DA-4114-A64B-01F2E2732CD8}.Release|Any CPU.Build.0 = Release|Any CPU
	EndGlobalSection
	GlobalSection(SolutionProperties) = preSolution
		HideSolutionNode = FALSE
	EndGlobalSection
	GlobalSection(ExtensibilityGlobals) = postSolution
		SolutionGuid = {E136D214-F3E4-4C19-9188-2C6D357DDB08}
	EndGlobalSection
EndGlobal
